
Microsoft Visual Studio Solution File, Format Version 12.00
# Visual Studio Version 16
VisualStudioVersion = 16.0.31205.134
MinimumVisualStudioVersion = 10.0.40219.1
Project("{FAE04EC0-301F-11D3-BF4B-00C04F79EFBC}") = "FS20_HudBar", "FS20_HudBar.csproj", "{ED53F69B-858B-452F-8C31-EDA8A7ADCDEB}"
EndProject
Project("{2150E333-8FDC-42A3-9474-1A3956D46DE8}") = "Doc", "Doc", "{78B82165-78E9-401D-86CB-009502F50440}"
	ProjectSection(SolutionItems) = preProject
		LICENSE = LICENSE
		README.md = README.md
		ReadMe.txt = ReadMe.txt
	EndProjectSection
EndProject
Project("{FAE04EC0-301F-11D3-BF4B-00C04F79EFBC}") = "TEST_FltLib", "..\FS20_FltLib\TEST_FltLib\TEST_FltLib.csproj", "{DB7C5640-409F-410B-A13D-DB76C657F543}"
EndProject
Global
	GlobalSection(SolutionConfigurationPlatforms) = preSolution
		Debug|Any CPU = Debug|Any CPU
		Debug|x64 = Debug|x64
		Release|Any CPU = Release|Any CPU
		Release|x64 = Release|x64
	EndGlobalSection
	GlobalSection(ProjectConfigurationPlatforms) = postSolution
		{ED53F69B-858B-452F-8C31-EDA8A7ADCDEB}.Debug|Any CPU.ActiveCfg = Debug|Any CPU
		{ED53F69B-858B-452F-8C31-EDA8A7ADCDEB}.Debug|Any CPU.Build.0 = Debug|Any CPU
		{ED53F69B-858B-452F-8C31-EDA8A7ADCDEB}.Debug|x64.ActiveCfg = Debug|x64
		{ED53F69B-858B-452F-8C31-EDA8A7ADCDEB}.Debug|x64.Build.0 = Debug|x64
		{ED53F69B-858B-452F-8C31-EDA8A7ADCDEB}.Release|Any CPU.ActiveCfg = Release|Any CPU
		{ED53F69B-858B-452F-8C31-EDA8A7ADCDEB}.Release|Any CPU.Build.0 = Release|Any CPU
		{ED53F69B-858B-452F-8C31-EDA8A7ADCDEB}.Release|x64.ActiveCfg = Release|x64
		{ED53F69B-858B-452F-8C31-EDA8A7ADCDEB}.Release|x64.Build.0 = Release|x64
		{DB7C5640-409F-410B-A13D-DB76C657F543}.Debug|Any CPU.ActiveCfg = Debug|Any CPU
		{DB7C5640-409F-410B-A13D-DB76C657F543}.Debug|Any CPU.Build.0 = Debug|Any CPU
		{DB7C5640-409F-410B-A13D-DB76C657F543}.Debug|x64.ActiveCfg = Debug|x64
		{DB7C5640-409F-410B-A13D-DB76C657F543}.Debug|x64.Build.0 = Debug|x64
		{DB7C5640-409F-410B-A13D-DB76C657F543}.Release|Any CPU.ActiveCfg = Release|Any CPU
		{DB7C5640-409F-410B-A13D-DB76C657F543}.Release|Any CPU.Build.0 = Release|Any CPU
		{DB7C5640-409F-410B-A13D-DB76C657F543}.Release|x64.ActiveCfg = Release|x64
		{DB7C5640-409F-410B-A13D-DB76C657F543}.Release|x64.Build.0 = Release|x64
	EndGlobalSection
	GlobalSection(SolutionProperties) = preSolution
		HideSolutionNode = FALSE
	EndGlobalSection
	GlobalSection(ExtensibilityGlobals) = postSolution
		SolutionGuid = {7C34A818-E62F-4B9F-B4BA-99555B5F6FB9}
	EndGlobalSection
EndGlobal
